
Microsoft Visual Studio Solution File, Format Version 12.00
# Visual Studio Version 16
VisualStudioVersion = 16.0.29102.190
MinimumVisualStudioVersion = 10.0.40219.1
Project("{FAE04EC0-301F-11D3-BF4B-00C04F79EFBC}") = "Practica 6", "Practica 6.csproj", "{E4A73EB7-AF7D-4394-855D-CFD1CF06A023}"
EndProject
Global
	GlobalSection(SolutionConfigurationPlatforms) = preSolution
		Debug|Any CPU = Debug|Any CPU
		Release|Any CPU = Release|Any CPU
	EndGlobalSection
	GlobalSection(ProjectConfigurationPlatforms) = postSolution
		{E4A73EB7-AF7D-4394-855D-CFD1CF06A023}.Debug|Any CPU.ActiveCfg = Debug|Any CPU
		{E4A73EB7-AF7D-4394-855D-CFD1CF06A023}.Debug|Any CPU.Build.0 = Debug|Any CPU
		{E4A73EB7-AF7D-4394-855D-CFD1CF06A023}.Release|Any CPU.ActiveCfg = Release|Any CPU
		{E4A73EB7-AF7D-4394-855D-CFD1CF06A023}.Release|Any CPU.Build.0 = Release|Any CPU
	EndGlobalSection
	GlobalSection(SolutionProperties) = preSolution
		HideSolutionNode = FALSE
	EndGlobalSection
	GlobalSection(ExtensibilityGlobals) = postSolution
		SolutionGuid = {A64BFE0E-A033-41D5-BF50-D86E1E1445D1}
	EndGlobalSection
EndGlobal
